// !$*UTF8*$!
{
	archiveVersion = 1;
	classes = {
	};
	objectVersion = 46;
	objects = {

/* Begin PBXBuildFile section */
		D33DCCAE1B7AB6F400DCBF74 /* PCH_ClearanceData.swift in Sources */ = {isa = PBXBuildFile; fileRef = D33DCCAD1B7AB6F400DCBF74 /* PCH_ClearanceData.swift */; };
		D33DCCB01B7AB8EF00DCBF74 /* ClearanceData.plist in Resources */ = {isa = PBXBuildFile; fileRef = D33DCCAF1B7AB8EF00DCBF74 /* ClearanceData.plist */; };
		D33DCCB21B7BBF0500DCBF74 /* PCH_TxfoTerminal.swift in Sources */ = {isa = PBXBuildFile; fileRef = D33DCCB11B7BBF0500DCBF74 /* PCH_TxfoTerminal.swift */; };
		D33DCCB41B7CD15300DCBF74 /* PCH_Core.swift in Sources */ = {isa = PBXBuildFile; fileRef = D33DCCB31B7CD15300DCBF74 /* PCH_Core.swift */; };
		D341931F1B62B29000C4A7F8 /* PCH_CoilSection.swift in Sources */ = {isa = PBXBuildFile; fileRef = D341931E1B62B29000C4A7F8 /* PCH_CoilSection.swift */; };
		D34193211B62E5BA00C4A7F8 /* PCH_WdgTappedDisk.swift in Sources */ = {isa = PBXBuildFile; fileRef = D34193201B62E5BA00C4A7F8 /* PCH_WdgTappedDisk.swift */; };
		D342BF111B56BC1E00BCD3E7 /* PCH_Costs.swift in Sources */ = {isa = PBXBuildFile; fileRef = D342BF101B56BC1E00BCD3E7 /* PCH_Costs.swift */; };
		D3433ED51F8EB06A007F45A1 /* PCH_TxfoDesigner.swift in Sources */ = {isa = PBXBuildFile; fileRef = D3433ED41F8EB06A007F45A1 /* PCH_TxfoDesigner.swift */; };
		D3433ED71F8EB37A007F45A1 /* PCH_LossEvaluation.swift in Sources */ = {isa = PBXBuildFile; fileRef = D3433ED61F8EB37A007F45A1 /* PCH_LossEvaluation.swift */; };
		D35654501B6514E900A1259E /* PCH_WdgTappedLayer.swift in Sources */ = {isa = PBXBuildFile; fileRef = D356544F1B6514E900A1259E /* PCH_WdgTappedLayer.swift */; };
		D35654521B651D3000A1259E /* PCH_CoilSectionDisk.swift in Sources */ = {isa = PBXBuildFile; fileRef = D35654511B651D3000A1259E /* PCH_CoilSectionDisk.swift */; };
		D35CAC151B6EA9E90086EC0F /* PCH_Hilo.swift in Sources */ = {isa = PBXBuildFile; fileRef = D35CAC141B6EA9E90086EC0F /* PCH_Hilo.swift */; };
		D35CAC171B6EAABF0086EC0F /* PCH_Tube.swift in Sources */ = {isa = PBXBuildFile; fileRef = D35CAC161B6EAABF0086EC0F /* PCH_Tube.swift */; };
		D35CAC191B6EACC10086EC0F /* PCH_Phase.swift in Sources */ = {isa = PBXBuildFile; fileRef = D35CAC181B6EACC10086EC0F /* PCH_Phase.swift */; };
		D37698911B7D5D2E00220924 /* PCH_Transformer.swift in Sources */ = {isa = PBXBuildFile; fileRef = D37698901B7D5D2E00220924 /* PCH_Transformer.swift */; };
		D37698931B7D5EC500220924 /* PCH_Tank.swift in Sources */ = {isa = PBXBuildFile; fileRef = D37698921B7D5EC500220924 /* PCH_Tank.swift */; };
		D37698951B7D5FAB00220924 /* PCH_Radiator.swift in Sources */ = {isa = PBXBuildFile; fileRef = D37698941B7D5FAB00220924 /* PCH_Radiator.swift */; };
		D37698971B7D638400220924 /* PCH_RadBank.swift in Sources */ = {isa = PBXBuildFile; fileRef = D37698961B7D638400220924 /* PCH_RadBank.swift */; };
		D37698991B7D63FC00220924 /* PCH_FanBank.swift in Sources */ = {isa = PBXBuildFile; fileRef = D37698981B7D63FC00220924 /* PCH_FanBank.swift */; };
		D37D84E81B612D5300549E5C /* PCH_WdgLayer.swift in Sources */ = {isa = PBXBuildFile; fileRef = D37D84E71B612D5300549E5C /* PCH_WdgLayer.swift */; };
		D37D84EA1B612E7D00549E5C /* PCH_Board.swift in Sources */ = {isa = PBXBuildFile; fileRef = D37D84E91B612E7D00549E5C /* PCH_Board.swift */; };
		D37FFBED1B471B86008DBDDA /* AppDelegate.swift in Sources */ = {isa = PBXBuildFile; fileRef = D37FFBEC1B471B86008DBDDA /* AppDelegate.swift */; };
		D37FFBEF1B471B86008DBDDA /* Images.xcassets in Resources */ = {isa = PBXBuildFile; fileRef = D37FFBEE1B471B86008DBDDA /* Images.xcassets */; };
		D37FFBF21B471B86008DBDDA /* MainMenu.xib in Resources */ = {isa = PBXBuildFile; fileRef = D37FFBF01B471B86008DBDDA /* MainMenu.xib */; };
		D37FFC081B471BE3008DBDDA /* PCH_RawMaterial.swift in Sources */ = {isa = PBXBuildFile; fileRef = D37FFC071B471BE2008DBDDA /* PCH_RawMaterial.swift */; };
		D37FFC0A1B472DEF008DBDDA /* PCH_Conductor.swift in Sources */ = {isa = PBXBuildFile; fileRef = D37FFC091B472DEF008DBDDA /* PCH_Conductor.swift */; };
		D37FFC0C1B494EDD008DBDDA /* PCH_Strand.swift in Sources */ = {isa = PBXBuildFile; fileRef = D37FFC0B1B494EDD008DBDDA /* PCH_Strand.swift */; };
		D37FFC0E1B4952EA008DBDDA /* PCH_Insulation.swift in Sources */ = {isa = PBXBuildFile; fileRef = D37FFC0D1B4952EA008DBDDA /* PCH_Insulation.swift */; };
		D37FFC101B495CCA008DBDDA /* GlobalDefs.swift in Sources */ = {isa = PBXBuildFile; fileRef = D37FFC0F1B495CCA008DBDDA /* GlobalDefs.swift */; };
		D388F38E1B80A61E007C880C /* FanData.plist in Resources */ = {isa = PBXBuildFile; fileRef = D388F38D1B80A61E007C880C /* FanData.plist */; };
		D3956A891B5728D900676FF5 /* PCH_Defs.swift in Sources */ = {isa = PBXBuildFile; fileRef = D3956A881B5728D900676FF5 /* PCH_Defs.swift */; };
		D39E46D01B66A9F100A5EBAD /* PCH_CoilSectionLayer.swift in Sources */ = {isa = PBXBuildFile; fileRef = D39E46CF1B66A9F100A5EBAD /* PCH_CoilSectionLayer.swift */; };
		D39E46D21B66EF8C00A5EBAD /* PCH_Coil.swift in Sources */ = {isa = PBXBuildFile; fileRef = D39E46D11B66EF8C00A5EBAD /* PCH_Coil.swift */; };
		D39E46D41B66F4F600A5EBAD /* PCH_CommonBlock.swift in Sources */ = {isa = PBXBuildFile; fileRef = D39E46D31B66F4F600A5EBAD /* PCH_CommonBlock.swift */; };
		D39E46D61B66F7EF00A5EBAD /* PCH_Plate.swift in Sources */ = {isa = PBXBuildFile; fileRef = D39E46D51B66F7EF00A5EBAD /* PCH_Plate.swift */; };
		D39E46D81B67D16E00A5EBAD /* PCH_ConnectionNode.swift in Sources */ = {isa = PBXBuildFile; fileRef = D39E46D71B67D16E00A5EBAD /* PCH_ConnectionNode.swift */; };
		D39E46DA1B67FA3E00A5EBAD /* PCH_CoilSectionHelix.swift in Sources */ = {isa = PBXBuildFile; fileRef = D39E46D91B67FA3E00A5EBAD /* PCH_CoilSectionHelix.swift */; };
		D3B72EE61FABCD1100317E96 /* PCH_SynchronizedArray.swift in Sources */ = {isa = PBXBuildFile; fileRef = D3B72EE51FABCD1100317E96 /* PCH_SynchronizedArray.swift */; };
		D3B72EEB1FC39D6F00317E96 /* PCH_SectionData.swift in Sources */ = {isa = PBXBuildFile; fileRef = D3B72EE81FC39D6E00317E96 /* PCH_SectionData.swift */; };
		D3B72EEC1FC39D6F00317E96 /* PCH_BlueBookFunctions.swift in Sources */ = {isa = PBXBuildFile; fileRef = D3B72EE91FC39D6E00317E96 /* PCH_BlueBookFunctions.swift */; };
		D3B72EED1FC39D6F00317E96 /* PCH_DiskSection.swift in Sources */ = {isa = PBXBuildFile; fileRef = D3B72EEA1FC39D6F00317E96 /* PCH_DiskSection.swift */; };
		D3B72EF01FC39FE800317E96 /* libgsl.a in Frameworks */ = {isa = PBXBuildFile; fileRef = D3B72EEF1FC39FE800317E96 /* libgsl.a */; };
		D3C27ADD1B5C328D00FC553E /* PCH_RadialSpacer.swift in Sources */ = {isa = PBXBuildFile; fileRef = D3C27ADC1B5C328D00FC553E /* PCH_RadialSpacer.swift */; };
		D3C27ADF1B5C492E00FC553E /* PCH_WdgTurn.swift in Sources */ = {isa = PBXBuildFile; fileRef = D3C27ADE1B5C492E00FC553E /* PCH_WdgTurn.swift */; };
		D3CC87D31B5AA8FC00EBD121 /* PCH_WdgCable.swift in Sources */ = {isa = PBXBuildFile; fileRef = D3CC87D21B5AA8FC00EBD121 /* PCH_WdgCable.swift */; };
		D3CE0CF51B5F16DE0060B71C /* PCH_WdgDisk.swift in Sources */ = {isa = PBXBuildFile; fileRef = D3CE0CF41B5F16DE0060B71C /* PCH_WdgDisk.swift */; };
		D3CE0CF71B5F19FC0060B71C /* PCH_DuctStrip.swift in Sources */ = {isa = PBXBuildFile; fileRef = D3CE0CF61B5F19FC0060B71C /* PCH_DuctStrip.swift */; };
		D3CE0CF91B5F1A860060B71C /* PCH_Strip.swift in Sources */ = {isa = PBXBuildFile; fileRef = D3CE0CF81B5F1A860060B71C /* PCH_Strip.swift */; };
		D3E13C6F1B4DFDCE006E75AD /* PCH_Paper.swift in Sources */ = {isa = PBXBuildFile; fileRef = D3E13C6E1B4DFDCE006E75AD /* PCH_Paper.swift */; };
		D3EE6B601B74FC6F00332EEC /* PCH_CoreSteel.swift in Sources */ = {isa = PBXBuildFile; fileRef = D3EE6B5F1B74FC6F00332EEC /* PCH_CoreSteel.swift */; };
		D3EE6B641B7638EC00332EEC /* PCH_Lamination.swift in Sources */ = {isa = PBXBuildFile; fileRef = D3EE6B631B7638EC00332EEC /* PCH_Lamination.swift */; };
		D3EE6B661B763CDD00332EEC /* PCH_CoreStep.swift in Sources */ = {isa = PBXBuildFile; fileRef = D3EE6B651B763CDD00332EEC /* PCH_CoreStep.swift */; };
		D3EE6B681B76665100332EEC /* PCH_CoreCircle.swift in Sources */ = {isa = PBXBuildFile; fileRef = D3EE6B671B76665100332EEC /* PCH_CoreCircle.swift */; };
		D3EE6B6A1B76678400332EEC /* PCH_CoreDuct.swift in Sources */ = {isa = PBXBuildFile; fileRef = D3EE6B691B76678400332EEC /* PCH_CoreDuct.swift */; };
/* End PBXBuildFile section */

/* Begin PBXFileReference section */
		D33DCCAD1B7AB6F400DCBF74 /* PCH_ClearanceData.swift */ = {isa = PBXFileReference; fileEncoding = 4; lastKnownFileType = sourcecode.swift; path = PCH_ClearanceData.swift; sourceTree = "<group>"; };
		D33DCCAF1B7AB8EF00DCBF74 /* ClearanceData.plist */ = {isa = PBXFileReference; fileEncoding = 4; lastKnownFileType = text.plist.xml; path = ClearanceData.plist; sourceTree = "<group>"; };
		D33DCCB11B7BBF0500DCBF74 /* PCH_TxfoTerminal.swift */ = {isa = PBXFileReference; fileEncoding = 4; lastKnownFileType = sourcecode.swift; path = PCH_TxfoTerminal.swift; sourceTree = "<group>"; };
		D33DCCB31B7CD15300DCBF74 /* PCH_Core.swift */ = {isa = PBXFileReference; fileEncoding = 4; lastKnownFileType = sourcecode.swift; path = PCH_Core.swift; sourceTree = "<group>"; };
		D341931E1B62B29000C4A7F8 /* PCH_CoilSection.swift */ = {isa = PBXFileReference; fileEncoding = 4; lastKnownFileType = sourcecode.swift; path = PCH_CoilSection.swift; sourceTree = "<group>"; };
		D34193201B62E5BA00C4A7F8 /* PCH_WdgTappedDisk.swift */ = {isa = PBXFileReference; fileEncoding = 4; lastKnownFileType = sourcecode.swift; path = PCH_WdgTappedDisk.swift; sourceTree = "<group>"; };
		D342BF101B56BC1E00BCD3E7 /* PCH_Costs.swift */ = {isa = PBXFileReference; fileEncoding = 4; lastKnownFileType = sourcecode.swift; path = PCH_Costs.swift; sourceTree = "<group>"; };
		D3433ED41F8EB06A007F45A1 /* PCH_TxfoDesigner.swift */ = {isa = PBXFileReference; lastKnownFileType = sourcecode.swift; path = PCH_TxfoDesigner.swift; sourceTree = "<group>"; };
		D3433ED61F8EB37A007F45A1 /* PCH_LossEvaluation.swift */ = {isa = PBXFileReference; lastKnownFileType = sourcecode.swift; path = PCH_LossEvaluation.swift; sourceTree = "<group>"; };
		D356544F1B6514E900A1259E /* PCH_WdgTappedLayer.swift */ = {isa = PBXFileReference; fileEncoding = 4; lastKnownFileType = sourcecode.swift; path = PCH_WdgTappedLayer.swift; sourceTree = "<group>"; };
		D35654511B651D3000A1259E /* PCH_CoilSectionDisk.swift */ = {isa = PBXFileReference; fileEncoding = 4; lastKnownFileType = sourcecode.swift; path = PCH_CoilSectionDisk.swift; sourceTree = "<group>"; };
		D35CAC141B6EA9E90086EC0F /* PCH_Hilo.swift */ = {isa = PBXFileReference; fileEncoding = 4; lastKnownFileType = sourcecode.swift; path = PCH_Hilo.swift; sourceTree = "<group>"; };
		D35CAC161B6EAABF0086EC0F /* PCH_Tube.swift */ = {isa = PBXFileReference; fileEncoding = 4; lastKnownFileType = sourcecode.swift; path = PCH_Tube.swift; sourceTree = "<group>"; };
		D35CAC181B6EACC10086EC0F /* PCH_Phase.swift */ = {isa = PBXFileReference; fileEncoding = 4; lastKnownFileType = sourcecode.swift; path = PCH_Phase.swift; sourceTree = "<group>"; };
		D37698901B7D5D2E00220924 /* PCH_Transformer.swift */ = {isa = PBXFileReference; fileEncoding = 4; lastKnownFileType = sourcecode.swift; path = PCH_Transformer.swift; sourceTree = "<group>"; };
		D37698921B7D5EC500220924 /* PCH_Tank.swift */ = {isa = PBXFileReference; fileEncoding = 4; lastKnownFileType = sourcecode.swift; path = PCH_Tank.swift; sourceTree = "<group>"; };
		D37698941B7D5FAB00220924 /* PCH_Radiator.swift */ = {isa = PBXFileReference; fileEncoding = 4; lastKnownFileType = sourcecode.swift; path = PCH_Radiator.swift; sourceTree = "<group>"; };
		D37698961B7D638400220924 /* PCH_RadBank.swift */ = {isa = PBXFileReference; fileEncoding = 4; lastKnownFileType = sourcecode.swift; path = PCH_RadBank.swift; sourceTree = "<group>"; };
		D37698981B7D63FC00220924 /* PCH_FanBank.swift */ = {isa = PBXFileReference; fileEncoding = 4; lastKnownFileType = sourcecode.swift; path = PCH_FanBank.swift; sourceTree = "<group>"; };
		D37D84E71B612D5300549E5C /* PCH_WdgLayer.swift */ = {isa = PBXFileReference; fileEncoding = 4; lastKnownFileType = sourcecode.swift; path = PCH_WdgLayer.swift; sourceTree = "<group>"; };
		D37D84E91B612E7D00549E5C /* PCH_Board.swift */ = {isa = PBXFileReference; fileEncoding = 4; lastKnownFileType = sourcecode.swift; path = PCH_Board.swift; sourceTree = "<group>"; };
		D37FFBE71B471B86008DBDDA /* TransformerModel.app */ = {isa = PBXFileReference; explicitFileType = wrapper.application; includeInIndex = 0; path = TransformerModel.app; sourceTree = BUILT_PRODUCTS_DIR; };
		D37FFBEB1B471B86008DBDDA /* Info.plist */ = {isa = PBXFileReference; lastKnownFileType = text.plist.xml; path = Info.plist; sourceTree = "<group>"; };
		D37FFBEC1B471B86008DBDDA /* AppDelegate.swift */ = {isa = PBXFileReference; lastKnownFileType = sourcecode.swift; path = AppDelegate.swift; sourceTree = "<group>"; };
		D37FFBEE1B471B86008DBDDA /* Images.xcassets */ = {isa = PBXFileReference; lastKnownFileType = folder.assetcatalog; path = Images.xcassets; sourceTree = "<group>"; };
		D37FFBF11B471B86008DBDDA /* Base */ = {isa = PBXFileReference; lastKnownFileType = file.xib; name = Base; path = Base.lproj/MainMenu.xib; sourceTree = "<group>"; };
		D37FFC071B471BE2008DBDDA /* PCH_RawMaterial.swift */ = {isa = PBXFileReference; fileEncoding = 4; lastKnownFileType = sourcecode.swift; path = PCH_RawMaterial.swift; sourceTree = "<group>"; };
		D37FFC091B472DEF008DBDDA /* PCH_Conductor.swift */ = {isa = PBXFileReference; fileEncoding = 4; lastKnownFileType = sourcecode.swift; path = PCH_Conductor.swift; sourceTree = "<group>"; };
		D37FFC0B1B494EDD008DBDDA /* PCH_Strand.swift */ = {isa = PBXFileReference; fileEncoding = 4; lastKnownFileType = sourcecode.swift; path = PCH_Strand.swift; sourceTree = "<group>"; };
		D37FFC0D1B4952EA008DBDDA /* PCH_Insulation.swift */ = {isa = PBXFileReference; fileEncoding = 4; lastKnownFileType = sourcecode.swift; path = PCH_Insulation.swift; sourceTree = "<group>"; };
		D37FFC0F1B495CCA008DBDDA /* GlobalDefs.swift */ = {isa = PBXFileReference; fileEncoding = 4; lastKnownFileType = sourcecode.swift; path = GlobalDefs.swift; sourceTree = "<group>"; };
		D388F38D1B80A61E007C880C /* FanData.plist */ = {isa = PBXFileReference; fileEncoding = 4; lastKnownFileType = text.plist.xml; path = FanData.plist; sourceTree = "<group>"; };
		D3956A881B5728D900676FF5 /* PCH_Defs.swift */ = {isa = PBXFileReference; fileEncoding = 4; lastKnownFileType = sourcecode.swift; path = PCH_Defs.swift; sourceTree = "<group>"; };
		D39E46CF1B66A9F100A5EBAD /* PCH_CoilSectionLayer.swift */ = {isa = PBXFileReference; fileEncoding = 4; lastKnownFileType = sourcecode.swift; path = PCH_CoilSectionLayer.swift; sourceTree = "<group>"; };
		D39E46D11B66EF8C00A5EBAD /* PCH_Coil.swift */ = {isa = PBXFileReference; fileEncoding = 4; lastKnownFileType = sourcecode.swift; path = PCH_Coil.swift; sourceTree = "<group>"; };
		D39E46D31B66F4F600A5EBAD /* PCH_CommonBlock.swift */ = {isa = PBXFileReference; fileEncoding = 4; lastKnownFileType = sourcecode.swift; path = PCH_CommonBlock.swift; sourceTree = "<group>"; };
		D39E46D51B66F7EF00A5EBAD /* PCH_Plate.swift */ = {isa = PBXFileReference; fileEncoding = 4; lastKnownFileType = sourcecode.swift; path = PCH_Plate.swift; sourceTree = "<group>"; };
		D39E46D71B67D16E00A5EBAD /* PCH_ConnectionNode.swift */ = {isa = PBXFileReference; fileEncoding = 4; lastKnownFileType = sourcecode.swift; path = PCH_ConnectionNode.swift; sourceTree = "<group>"; };
		D39E46D91B67FA3E00A5EBAD /* PCH_CoilSectionHelix.swift */ = {isa = PBXFileReference; fileEncoding = 4; lastKnownFileType = sourcecode.swift; path = PCH_CoilSectionHelix.swift; sourceTree = "<group>"; };
		D3B72EE51FABCD1100317E96 /* PCH_SynchronizedArray.swift */ = {isa = PBXFileReference; lastKnownFileType = sourcecode.swift; path = PCH_SynchronizedArray.swift; sourceTree = "<group>"; };
		D3B72EE81FC39D6E00317E96 /* PCH_SectionData.swift */ = {isa = PBXFileReference; fileEncoding = 4; lastKnownFileType = sourcecode.swift; path = PCH_SectionData.swift; sourceTree = "<group>"; };
		D3B72EE91FC39D6E00317E96 /* PCH_BlueBookFunctions.swift */ = {isa = PBXFileReference; fileEncoding = 4; lastKnownFileType = sourcecode.swift; path = PCH_BlueBookFunctions.swift; sourceTree = "<group>"; };
		D3B72EEA1FC39D6F00317E96 /* PCH_DiskSection.swift */ = {isa = PBXFileReference; fileEncoding = 4; lastKnownFileType = sourcecode.swift; path = PCH_DiskSection.swift; sourceTree = "<group>"; };
		D3B72EEF1FC39FE800317E96 /* libgsl.a */ = {isa = PBXFileReference; lastKnownFileType = archive.ar; name = libgsl.a; path = ../GNU_Scientific_Library/lib/libgsl.a; sourceTree = "<group>"; };
		D3B72EF11FC3A12100317E96 /* TransformerModel-Bridging-Header.h */ = {isa = PBXFileReference; lastKnownFileType = sourcecode.c.h; path = "TransformerModel-Bridging-Header.h"; sourceTree = "<group>"; };
		D3C27ADC1B5C328D00FC553E /* PCH_RadialSpacer.swift */ = {isa = PBXFileReference; fileEncoding = 4; lastKnownFileType = sourcecode.swift; path = PCH_RadialSpacer.swift; sourceTree = "<group>"; };
		D3C27ADE1B5C492E00FC553E /* PCH_WdgTurn.swift */ = {isa = PBXFileReference; fileEncoding = 4; lastKnownFileType = sourcecode.swift; path = PCH_WdgTurn.swift; sourceTree = "<group>"; };
		D3CC87D21B5AA8FC00EBD121 /* PCH_WdgCable.swift */ = {isa = PBXFileReference; fileEncoding = 4; lastKnownFileType = sourcecode.swift; path = PCH_WdgCable.swift; sourceTree = "<group>"; };
		D3CE0CF41B5F16DE0060B71C /* PCH_WdgDisk.swift */ = {isa = PBXFileReference; fileEncoding = 4; lastKnownFileType = sourcecode.swift; path = PCH_WdgDisk.swift; sourceTree = "<group>"; };
		D3CE0CF61B5F19FC0060B71C /* PCH_DuctStrip.swift */ = {isa = PBXFileReference; fileEncoding = 4; lastKnownFileType = sourcecode.swift; path = PCH_DuctStrip.swift; sourceTree = "<group>"; };
		D3CE0CF81B5F1A860060B71C /* PCH_Strip.swift */ = {isa = PBXFileReference; fileEncoding = 4; lastKnownFileType = sourcecode.swift; path = PCH_Strip.swift; sourceTree = "<group>"; };
		D3E13C6E1B4DFDCE006E75AD /* PCH_Paper.swift */ = {isa = PBXFileReference; fileEncoding = 4; lastKnownFileType = sourcecode.swift; path = PCH_Paper.swift; sourceTree = "<group>"; };
		D3EE6B5F1B74FC6F00332EEC /* PCH_CoreSteel.swift */ = {isa = PBXFileReference; fileEncoding = 4; lastKnownFileType = sourcecode.swift; path = PCH_CoreSteel.swift; sourceTree = "<group>"; };
		D3EE6B631B7638EC00332EEC /* PCH_Lamination.swift */ = {isa = PBXFileReference; fileEncoding = 4; lastKnownFileType = sourcecode.swift; path = PCH_Lamination.swift; sourceTree = "<group>"; };
		D3EE6B651B763CDD00332EEC /* PCH_CoreStep.swift */ = {isa = PBXFileReference; fileEncoding = 4; lastKnownFileType = sourcecode.swift; path = PCH_CoreStep.swift; sourceTree = "<group>"; };
		D3EE6B671B76665100332EEC /* PCH_CoreCircle.swift */ = {isa = PBXFileReference; fileEncoding = 4; lastKnownFileType = sourcecode.swift; path = PCH_CoreCircle.swift; sourceTree = "<group>"; };
		D3EE6B691B76678400332EEC /* PCH_CoreDuct.swift */ = {isa = PBXFileReference; fileEncoding = 4; lastKnownFileType = sourcecode.swift; path = PCH_CoreDuct.swift; sourceTree = "<group>"; };
/* End PBXFileReference section */

/* Begin PBXFrameworksBuildPhase section */
		D37FFBE41B471B86008DBDDA /* Frameworks */ = {
			isa = PBXFrameworksBuildPhase;
			buildActionMask = 2147483647;
			files = (
				D3B72EF01FC39FE800317E96 /* libgsl.a in Frameworks */,
			);
			runOnlyForDeploymentPostprocessing = 0;
		};
/* End PBXFrameworksBuildPhase section */

/* Begin PBXGroup section */
		D37FFBDE1B471B86008DBDDA = {
			isa = PBXGroup;
			children = (
				D37FFBE91B471B86008DBDDA /* TransformerModel */,
				D37FFBE81B471B86008DBDDA /* Products */,
				D3B72EEE1FC39FE800317E96 /* Frameworks */,
			);
			sourceTree = "<group>";
		};
		D37FFBE81B471B86008DBDDA /* Products */ = {
			isa = PBXGroup;
			children = (
				D37FFBE71B471B86008DBDDA /* TransformerModel.app */,
			);
			name = Products;
			sourceTree = "<group>";
		};
		D37FFBE91B471B86008DBDDA /* TransformerModel */ = {
			isa = PBXGroup;
			children = (
				D37FFBEC1B471B86008DBDDA /* AppDelegate.swift */,
				D3956A881B5728D900676FF5 /* PCH_Defs.swift */,
				D37FFC0F1B495CCA008DBDDA /* GlobalDefs.swift */,
				D3B72EE51FABCD1100317E96 /* PCH_SynchronizedArray.swift */,
				D3433ED41F8EB06A007F45A1 /* PCH_TxfoDesigner.swift */,
				D3433ED61F8EB37A007F45A1 /* PCH_LossEvaluation.swift */,
				D37698901B7D5D2E00220924 /* PCH_Transformer.swift */,
				D37698921B7D5EC500220924 /* PCH_Tank.swift */,
				D37698961B7D638400220924 /* PCH_RadBank.swift */,
				D37698941B7D5FAB00220924 /* PCH_Radiator.swift */,
				D37698981B7D63FC00220924 /* PCH_FanBank.swift */,
				D388F38D1B80A61E007C880C /* FanData.plist */,
				D33DCCB11B7BBF0500DCBF74 /* PCH_TxfoTerminal.swift */,
				D33DCCAD1B7AB6F400DCBF74 /* PCH_ClearanceData.swift */,
				D33DCCAF1B7AB8EF00DCBF74 /* ClearanceData.plist */,
				D342BF101B56BC1E00BCD3E7 /* PCH_Costs.swift */,
				D37FFC071B471BE2008DBDDA /* PCH_RawMaterial.swift */,
				D3EE6B5F1B74FC6F00332EEC /* PCH_CoreSteel.swift */,
				D3EE6B631B7638EC00332EEC /* PCH_Lamination.swift */,
				D3EE6B651B763CDD00332EEC /* PCH_CoreStep.swift */,
				D3EE6B691B76678400332EEC /* PCH_CoreDuct.swift */,
				D3EE6B671B76665100332EEC /* PCH_CoreCircle.swift */,
				D33DCCB31B7CD15300DCBF74 /* PCH_Core.swift */,
				D37FFC091B472DEF008DBDDA /* PCH_Conductor.swift */,
				D37FFC0B1B494EDD008DBDDA /* PCH_Strand.swift */,
				D3CC87D21B5AA8FC00EBD121 /* PCH_WdgCable.swift */,
				D3C27ADE1B5C492E00FC553E /* PCH_WdgTurn.swift */,
				D3CE0CF41B5F16DE0060B71C /* PCH_WdgDisk.swift */,
				D34193201B62E5BA00C4A7F8 /* PCH_WdgTappedDisk.swift */,
				D37D84E71B612D5300549E5C /* PCH_WdgLayer.swift */,
				D356544F1B6514E900A1259E /* PCH_WdgTappedLayer.swift */,
				D341931E1B62B29000C4A7F8 /* PCH_CoilSection.swift */,
				D39E46D91B67FA3E00A5EBAD /* PCH_CoilSectionHelix.swift */,
				D39E46CF1B66A9F100A5EBAD /* PCH_CoilSectionLayer.swift */,
				D35654511B651D3000A1259E /* PCH_CoilSectionDisk.swift */,
				D39E46D11B66EF8C00A5EBAD /* PCH_Coil.swift */,
				D35CAC181B6EACC10086EC0F /* PCH_Phase.swift */,
				D39E46D71B67D16E00A5EBAD /* PCH_ConnectionNode.swift */,
				D37FFC0D1B4952EA008DBDDA /* PCH_Insulation.swift */,
				D35CAC141B6EA9E90086EC0F /* PCH_Hilo.swift */,
				D37D84E91B612E7D00549E5C /* PCH_Board.swift */,
				D35CAC161B6EAABF0086EC0F /* PCH_Tube.swift */,
				D39E46D51B66F7EF00A5EBAD /* PCH_Plate.swift */,
				D3CE0CF81B5F1A860060B71C /* PCH_Strip.swift */,
				D39E46D31B66F4F600A5EBAD /* PCH_CommonBlock.swift */,
				D3CE0CF61B5F19FC0060B71C /* PCH_DuctStrip.swift */,
				D3C27ADC1B5C328D00FC553E /* PCH_RadialSpacer.swift */,
				D3E13C6E1B4DFDCE006E75AD /* PCH_Paper.swift */,
				D3B72EE71FC39D3500317E96 /* InductanceCalcs */,
				D37FFBEE1B471B86008DBDDA /* Images.xcassets */,
				D37FFBF01B471B86008DBDDA /* MainMenu.xib */,
				D37FFBEA1B471B86008DBDDA /* Supporting Files */,
			);
			path = TransformerModel;
			sourceTree = "<group>";
		};
		D37FFBEA1B471B86008DBDDA /* Supporting Files */ = {
			isa = PBXGroup;
			children = (
				D37FFBEB1B471B86008DBDDA /* Info.plist */,
			);
			name = "Supporting Files";
			sourceTree = "<group>";
		};
		D3B72EE71FC39D3500317E96 /* InductanceCalcs */ = {
			isa = PBXGroup;
			children = (
				D3B72EE91FC39D6E00317E96 /* PCH_BlueBookFunctions.swift */,
				D3B72EEA1FC39D6F00317E96 /* PCH_DiskSection.swift */,
				D3B72EE81FC39D6E00317E96 /* PCH_SectionData.swift */,
				D3B72EF11FC3A12100317E96 /* TransformerModel-Bridging-Header.h */,
			);
			path = InductanceCalcs;
			sourceTree = "<group>";
		};
		D3B72EEE1FC39FE800317E96 /* Frameworks */ = {
			isa = PBXGroup;
			children = (
				D3B72EEF1FC39FE800317E96 /* libgsl.a */,
			);
			name = Frameworks;
			sourceTree = "<group>";
		};
/* End PBXGroup section */

/* Begin PBXNativeTarget section */
		D37FFBE61B471B86008DBDDA /* TransformerModel */ = {
			isa = PBXNativeTarget;
			buildConfigurationList = D37FFC011B471B87008DBDDA /* Build configuration list for PBXNativeTarget "TransformerModel" */;
			buildPhases = (
				D37FFBE31B471B86008DBDDA /* Sources */,
				D37FFBE41B471B86008DBDDA /* Frameworks */,
				D37FFBE51B471B86008DBDDA /* Resources */,
			);
			buildRules = (
			);
			dependencies = (
			);
			name = TransformerModel;
			productName = TransformerModel;
			productReference = D37FFBE71B471B86008DBDDA /* TransformerModel.app */;
			productType = "com.apple.product-type.application";
		};
/* End PBXNativeTarget section */

/* Begin PBXProject section */
		D37FFBDF1B471B86008DBDDA /* Project object */ = {
			isa = PBXProject;
			attributes = {
				LastSwiftMigration = 0700;
				LastSwiftUpdateCheck = 0700;
				LastUpgradeCheck = 0900;
				ORGANIZATIONNAME = "Peter Huber";
				TargetAttributes = {
					D37FFBE61B471B86008DBDDA = {
						CreatedOnToolsVersion = 6.4;
						LastSwiftMigration = 0910;
					};
				};
			};
			buildConfigurationList = D37FFBE21B471B86008DBDDA /* Build configuration list for PBXProject "TransformerModel" */;
			compatibilityVersion = "Xcode 3.2";
			developmentRegion = English;
			hasScannedForEncodings = 0;
			knownRegions = (
				en,
				Base,
			);
			mainGroup = D37FFBDE1B471B86008DBDDA;
			productRefGroup = D37FFBE81B471B86008DBDDA /* Products */;
			projectDirPath = "";
			projectRoot = "";
			targets = (
				D37FFBE61B471B86008DBDDA /* TransformerModel */,
			);
		};
/* End PBXProject section */

/* Begin PBXResourcesBuildPhase section */
		D37FFBE51B471B86008DBDDA /* Resources */ = {
			isa = PBXResourcesBuildPhase;
			buildActionMask = 2147483647;
			files = (
				D388F38E1B80A61E007C880C /* FanData.plist in Resources */,
				D33DCCB01B7AB8EF00DCBF74 /* ClearanceData.plist in Resources */,
				D37FFBEF1B471B86008DBDDA /* Images.xcassets in Resources */,
				D37FFBF21B471B86008DBDDA /* MainMenu.xib in Resources */,
			);
			runOnlyForDeploymentPostprocessing = 0;
		};
/* End PBXResourcesBuildPhase section */

/* Begin PBXSourcesBuildPhase section */
		D37FFBE31B471B86008DBDDA /* Sources */ = {
			isa = PBXSourcesBuildPhase;
			buildActionMask = 2147483647;
			files = (
				D34193211B62E5BA00C4A7F8 /* PCH_WdgTappedDisk.swift in Sources */,
				D37698931B7D5EC500220924 /* PCH_Tank.swift in Sources */,
				D37D84EA1B612E7D00549E5C /* PCH_Board.swift in Sources */,
				D342BF111B56BC1E00BCD3E7 /* PCH_Costs.swift in Sources */,
				D39E46D61B66F7EF00A5EBAD /* PCH_Plate.swift in Sources */,
				D3B72EEB1FC39D6F00317E96 /* PCH_SectionData.swift in Sources */,
				D37FFBED1B471B86008DBDDA /* AppDelegate.swift in Sources */,
				D37698991B7D63FC00220924 /* PCH_FanBank.swift in Sources */,
				D3CE0CF71B5F19FC0060B71C /* PCH_DuctStrip.swift in Sources */,
				D3EE6B661B763CDD00332EEC /* PCH_CoreStep.swift in Sources */,
				D3CC87D31B5AA8FC00EBD121 /* PCH_WdgCable.swift in Sources */,
				D39E46D01B66A9F100A5EBAD /* PCH_CoilSectionLayer.swift in Sources */,
				D3B72EEC1FC39D6F00317E96 /* PCH_BlueBookFunctions.swift in Sources */,
				D37FFC0C1B494EDD008DBDDA /* PCH_Strand.swift in Sources */,
				D3CE0CF51B5F16DE0060B71C /* PCH_WdgDisk.swift in Sources */,
				D37698911B7D5D2E00220924 /* PCH_Transformer.swift in Sources */,
				D37D84E81B612D5300549E5C /* PCH_WdgLayer.swift in Sources */,
				D35CAC151B6EA9E90086EC0F /* PCH_Hilo.swift in Sources */,
				D35CAC171B6EAABF0086EC0F /* PCH_Tube.swift in Sources */,
				D39E46D81B67D16E00A5EBAD /* PCH_ConnectionNode.swift in Sources */,
				D341931F1B62B29000C4A7F8 /* PCH_CoilSection.swift in Sources */,
				D35654521B651D3000A1259E /* PCH_CoilSectionDisk.swift in Sources */,
				D35654501B6514E900A1259E /* PCH_WdgTappedLayer.swift in Sources */,
				D3B72EED1FC39D6F00317E96 /* PCH_DiskSection.swift in Sources */,
				D3433ED51F8EB06A007F45A1 /* PCH_TxfoDesigner.swift in Sources */,
				D37FFC0E1B4952EA008DBDDA /* PCH_Insulation.swift in Sources */,
				D3C27ADF1B5C492E00FC553E /* PCH_WdgTurn.swift in Sources */,
				D3EE6B681B76665100332EEC /* PCH_CoreCircle.swift in Sources */,
				D33DCCB21B7BBF0500DCBF74 /* PCH_TxfoTerminal.swift in Sources */,
				D33DCCB41B7CD15300DCBF74 /* PCH_Core.swift in Sources */,
				D37698951B7D5FAB00220924 /* PCH_Radiator.swift in Sources */,
				D3EE6B6A1B76678400332EEC /* PCH_CoreDuct.swift in Sources */,
				D3433ED71F8EB37A007F45A1 /* PCH_LossEvaluation.swift in Sources */,
				D37FFC0A1B472DEF008DBDDA /* PCH_Conductor.swift in Sources */,
				D3B72EE61FABCD1100317E96 /* PCH_SynchronizedArray.swift in Sources */,
				D3EE6B601B74FC6F00332EEC /* PCH_CoreSteel.swift in Sources */,
				D33DCCAE1B7AB6F400DCBF74 /* PCH_ClearanceData.swift in Sources */,
				D3EE6B641B7638EC00332EEC /* PCH_Lamination.swift in Sources */,
				D3C27ADD1B5C328D00FC553E /* PCH_RadialSpacer.swift in Sources */,
				D35CAC191B6EACC10086EC0F /* PCH_Phase.swift in Sources */,
				D3E13C6F1B4DFDCE006E75AD /* PCH_Paper.swift in Sources */,
				D3956A891B5728D900676FF5 /* PCH_Defs.swift in Sources */,
				D37FFC101B495CCA008DBDDA /* GlobalDefs.swift in Sources */,
				D37FFC081B471BE3008DBDDA /* PCH_RawMaterial.swift in Sources */,
				D37698971B7D638400220924 /* PCH_RadBank.swift in Sources */,
				D39E46DA1B67FA3E00A5EBAD /* PCH_CoilSectionHelix.swift in Sources */,
				D39E46D21B66EF8C00A5EBAD /* PCH_Coil.swift in Sources */,
				D39E46D41B66F4F600A5EBAD /* PCH_CommonBlock.swift in Sources */,
				D3CE0CF91B5F1A860060B71C /* PCH_Strip.swift in Sources */,
			);
			runOnlyForDeploymentPostprocessing = 0;
		};
/* End PBXSourcesBuildPhase section */

/* Begin PBXVariantGroup section */
		D37FFBF01B471B86008DBDDA /* MainMenu.xib */ = {
			isa = PBXVariantGroup;
			children = (
				D37FFBF11B471B86008DBDDA /* Base */,
			);
			name = MainMenu.xib;
			sourceTree = "<group>";
		};
/* End PBXVariantGroup section */

/* Begin XCBuildConfiguration section */
		D37FFBFF1B471B87008DBDDA /* Debug */ = {
			isa = XCBuildConfiguration;
			buildSettings = {
				ALWAYS_SEARCH_USER_PATHS = NO;
				CLANG_CXX_LANGUAGE_STANDARD = "gnu++0x";
				CLANG_CXX_LIBRARY = "libc++";
				CLANG_ENABLE_MODULES = YES;
				CLANG_ENABLE_OBJC_ARC = YES;
				CLANG_WARN_BLOCK_CAPTURE_AUTORELEASING = YES;
				CLANG_WARN_BOOL_CONVERSION = YES;
				CLANG_WARN_COMMA = YES;
				CLANG_WARN_CONSTANT_CONVERSION = YES;
				CLANG_WARN_DIRECT_OBJC_ISA_USAGE = YES_ERROR;
				CLANG_WARN_EMPTY_BODY = YES;
				CLANG_WARN_ENUM_CONVERSION = YES;
				CLANG_WARN_INFINITE_RECURSION = YES;
				CLANG_WARN_INT_CONVERSION = YES;
				CLANG_WARN_NON_LITERAL_NULL_CONVERSION = YES;
				CLANG_WARN_OBJC_LITERAL_CONVERSION = YES;
				CLANG_WARN_OBJC_ROOT_CLASS = YES_ERROR;
				CLANG_WARN_RANGE_LOOP_ANALYSIS = YES;
				CLANG_WARN_STRICT_PROTOTYPES = YES;
				CLANG_WARN_SUSPICIOUS_MOVE = YES;
				CLANG_WARN_UNREACHABLE_CODE = YES;
				CLANG_WARN__DUPLICATE_METHOD_MATCH = YES;
				CODE_SIGN_IDENTITY = "-";
				COPY_PHASE_STRIP = NO;
				DEBUG_INFORMATION_FORMAT = dwarf;
				ENABLE_STRICT_OBJC_MSGSEND = YES;
				ENABLE_TESTABILITY = YES;
				GCC_C_LANGUAGE_STANDARD = gnu99;
				GCC_DYNAMIC_NO_PIC = NO;
				GCC_NO_COMMON_BLOCKS = YES;
				GCC_OPTIMIZATION_LEVEL = 0;
				GCC_PREPROCESSOR_DEFINITIONS = (
					"DEBUG=1",
					"$(inherited)",
				);
				GCC_SYMBOLS_PRIVATE_EXTERN = NO;
				GCC_WARN_64_TO_32_BIT_CONVERSION = YES;
				GCC_WARN_ABOUT_RETURN_TYPE = YES_ERROR;
				GCC_WARN_UNDECLARED_SELECTOR = YES;
				GCC_WARN_UNINITIALIZED_AUTOS = YES_AGGRESSIVE;
				GCC_WARN_UNUSED_FUNCTION = YES;
				GCC_WARN_UNUSED_VARIABLE = YES;
				MACOSX_DEPLOYMENT_TARGET = 10.10;
				MTL_ENABLE_DEBUG_INFO = YES;
				ONLY_ACTIVE_ARCH = YES;
				OTHER_SWIFT_FLAGS = "-D DEBUG";
				SDKROOT = macosx;
				SWIFT_OPTIMIZATION_LEVEL = "-Onone";
			};
			name = Debug;
		};
		D37FFC001B471B87008DBDDA /* Release */ = {
			isa = XCBuildConfiguration;
			buildSettings = {
				ALWAYS_SEARCH_USER_PATHS = NO;
				CLANG_CXX_LANGUAGE_STANDARD = "gnu++0x";
				CLANG_CXX_LIBRARY = "libc++";
				CLANG_ENABLE_MODULES = YES;
				CLANG_ENABLE_OBJC_ARC = YES;
				CLANG_WARN_BLOCK_CAPTURE_AUTORELEASING = YES;
				CLANG_WARN_BOOL_CONVERSION = YES;
				CLANG_WARN_COMMA = YES;
				CLANG_WARN_CONSTANT_CONVERSION = YES;
				CLANG_WARN_DIRECT_OBJC_ISA_USAGE = YES_ERROR;
				CLANG_WARN_EMPTY_BODY = YES;
				CLANG_WARN_ENUM_CONVERSION = YES;
				CLANG_WARN_INFINITE_RECURSION = YES;
				CLANG_WARN_INT_CONVERSION = YES;
				CLANG_WARN_NON_LITERAL_NULL_CONVERSION = YES;
				CLANG_WARN_OBJC_LITERAL_CONVERSION = YES;
				CLANG_WARN_OBJC_ROOT_CLASS = YES_ERROR;
				CLANG_WARN_RANGE_LOOP_ANALYSIS = YES;
				CLANG_WARN_STRICT_PROTOTYPES = YES;
				CLANG_WARN_SUSPICIOUS_MOVE = YES;
				CLANG_WARN_UNREACHABLE_CODE = YES;
				CLANG_WARN__DUPLICATE_METHOD_MATCH = YES;
				CODE_SIGN_IDENTITY = "-";
				COPY_PHASE_STRIP = NO;
				DEBUG_INFORMATION_FORMAT = "dwarf-with-dsym";
				ENABLE_NS_ASSERTIONS = NO;
				ENABLE_STRICT_OBJC_MSGSEND = YES;
				GCC_C_LANGUAGE_STANDARD = gnu99;
				GCC_NO_COMMON_BLOCKS = YES;
				GCC_WARN_64_TO_32_BIT_CONVERSION = YES;
				GCC_WARN_ABOUT_RETURN_TYPE = YES_ERROR;
				GCC_WARN_UNDECLARED_SELECTOR = YES;
				GCC_WARN_UNINITIALIZED_AUTOS = YES_AGGRESSIVE;
				GCC_WARN_UNUSED_FUNCTION = YES;
				GCC_WARN_UNUSED_VARIABLE = YES;
				MACOSX_DEPLOYMENT_TARGET = 10.10;
				MTL_ENABLE_DEBUG_INFO = NO;
				OTHER_SWIFT_FLAGS = "-D DEBUG";
				SDKROOT = macosx;
				SWIFT_OPTIMIZATION_LEVEL = "-Owholemodule";
			};
			name = Release;
		};
		D37FFC021B471B87008DBDDA /* Debug */ = {
			isa = XCBuildConfiguration;
			buildSettings = {
				ASSETCATALOG_COMPILER_APPICON_NAME = AppIcon;
				CLANG_ENABLE_MODULES = YES;
				CLANG_USE_OPTIMIZATION_PROFILE = YES;
				COMBINE_HIDPI_IMAGES = YES;
				HEADER_SEARCH_PATHS = /Users/peterhub/Documents/MyProjects/GNU_Scientific_Library/include;
				INFOPLIST_FILE = TransformerModel/Info.plist;
				LD_RUNPATH_SEARCH_PATHS = "$(inherited) @executable_path/../Frameworks";
				LIBRARY_SEARCH_PATHS = /Users/peterhub/Documents/MyProjects/GNU_Scientific_Library/lib;
				PRODUCT_BUNDLE_IDENTIFIER = "com.huberis-tech.$(PRODUCT_NAME:rfc1034identifier)";
				PRODUCT_NAME = "$(TARGET_NAME)";
				SWIFT_OBJC_BRIDGING_HEADER = "TransformerModel/InductanceCalcs/TransformerModel-Bridging-Header.h";
				SWIFT_OPTIMIZATION_LEVEL = "-Onone";
				SWIFT_SWIFT3_OBJC_INFERENCE = Default;
				SWIFT_VERSION = 4.0;
			};
			name = Debug;
		};
		D37FFC031B471B87008DBDDA /* Release */ = {
			isa = XCBuildConfiguration;
			buildSettings = {
				ASSETCATALOG_COMPILER_APPICON_NAME = AppIcon;
				CLANG_ENABLE_MODULES = YES;
				CLANG_USE_OPTIMIZATION_PROFILE = YES;
				COMBINE_HIDPI_IMAGES = YES;
				HEADER_SEARCH_PATHS = /Users/peterhub/Documents/MyProjects/GNU_Scientific_Library/include;
				INFOPLIST_FILE = TransformerModel/Info.plist;
				LD_RUNPATH_SEARCH_PATHS = "$(inherited) @executable_path/../Frameworks";
				LIBRARY_SEARCH_PATHS = /Users/peterhub/Documents/MyProjects/GNU_Scientific_Library/lib;
				PRODUCT_BUNDLE_IDENTIFIER = "com.huberis-tech.$(PRODUCT_NAME:rfc1034identifier)";
				PRODUCT_NAME = "$(TARGET_NAME)";
				SWIFT_OBJC_BRIDGING_HEADER = "TransformerModel/InductanceCalcs/TransformerModel-Bridging-Header.h";
				SWIFT_SWIFT3_OBJC_INFERENCE = Default;
				SWIFT_VERSION = 4.0;
			};
			name = Release;
		};
/* End XCBuildConfiguration section */

/* Begin XCConfigurationList section */
		D37FFBE21B471B86008DBDDA /* Build configuration list for PBXProject "TransformerModel" */ = {
			isa = XCConfigurationList;
			buildConfigurations = (
				D37FFBFF1B471B87008DBDDA /* Debug */,
				D37FFC001B471B87008DBDDA /* Release */,
			);
			defaultConfigurationIsVisible = 0;
			defaultConfigurationName = Release;
		};
		D37FFC011B471B87008DBDDA /* Build configuration list for PBXNativeTarget "TransformerModel" */ = {
			isa = XCConfigurationList;
			buildConfigurations = (
				D37FFC021B471B87008DBDDA /* Debug */,
				D37FFC031B471B87008DBDDA /* Release */,
			);
			defaultConfigurationIsVisible = 0;
			defaultConfigurationName = Release;
		};
/* End XCConfigurationList section */
	};
	rootObject = D37FFBDF1B471B86008DBDDA /* Project object */;
}
